
Microsoft Visual Studio Solution File, Format Version 12.00
# Visual Studio Version 17
VisualStudioVersion = 17.4.33110.190
MinimumVisualStudioVersion = 10.0.40219.1
Project("{FAE04EC0-301F-11D3-BF4B-00C04F79EFBC}") = "MagazaUygulamasi", "MagazaUygulamasi\MagazaUygulamasi.csproj", "{862A08BF-69C7-46C2-9925-35DD4949D5E6}"
EndProject
Global
	GlobalSection(SolutionConfigurationPlatforms) = preSolution
		Debug|Any CPU = Debug|Any CPU
		Release|Any CPU = Release|Any CPU
	EndGlobalSection
	GlobalSection(ProjectConfigurationPlatforms) = postSolution
		{862A08BF-69C7-46C2-9925-35DD4949D5E6}.Debug|Any CPU.ActiveCfg = Debug|Any CPU
		{862A08BF-69C7-46C2-9925-35DD4949D5E6}.Debug|Any CPU.Build.0 = Debug|Any CPU
		{862A08BF-69C7-46C2-9925-35DD4949D5E6}.Release|Any CPU.ActiveCfg = Release|Any CPU
		{862A08BF-69C7-46C2-9925-35DD4949D5E6}.Release|Any CPU.Build.0 = Release|Any CPU
	EndGlobalSection
	GlobalSection(SolutionProperties) = preSolution
		HideSolutionNode = FALSE
	EndGlobalSection
	GlobalSection(ExtensibilityGlobals) = postSolution
		SolutionGuid = {ABBE0B8F-A53E-45E0-B80E-3BA7F414A6E0}
	EndGlobalSection
EndGlobal
